
Microsoft Visual Studio Solution File, Format Version 12.00
# Visual Studio Version 16
VisualStudioVersion = 16.0.31025.194
MinimumVisualStudioVersion = 10.0.40219.1
Project("{8BC9CEB8-8B4A-11D0-8D11-00A0C91BC942}") = "test_3_10", "test_3_10.vcxproj", "{EF7ED1C4-17F5-4E67-A1BC-4241ECC1780E}"
EndProject
Global
	GlobalSection(SolutionConfigurationPlatforms) = preSolution
		Debug|x64 = Debug|x64
		Debug|x86 = Debug|x86
		Release|x64 = Release|x64
		Release|x86 = Release|x86
	EndGlobalSection
	GlobalSection(ProjectConfigurationPlatforms) = postSolution
		{EF7ED1C4-17F5-4E67-A1BC-4241ECC1780E}.Debug|x64.ActiveCfg = Debug|x64
		{EF7ED1C4-17F5-4E67-A1BC-4241ECC1780E}.Debug|x64.Build.0 = Debug|x64
		{EF7ED1C4-17F5-4E67-A1BC-4241ECC1780E}.Debug|x86.ActiveCfg = Debug|Win32
		{EF7ED1C4-17F5-4E67-A1BC-4241ECC1780E}.Debug|x86.Build.0 = Debug|Win32
		{EF7ED1C4-17F5-4E67-A1BC-4241ECC1780E}.Release|x64.ActiveCfg = Release|x64
		{EF7ED1C4-17F5-4E67-A1BC-4241ECC1780E}.Release|x64.Build.0 = Release|x64
		{EF7ED1C4-17F5-4E67-A1BC-4241ECC1780E}.Release|x86.ActiveCfg = Release|Win32
		{EF7ED1C4-17F5-4E67-A1BC-4241ECC1780E}.Release|x86.Build.0 = Release|Win32
	EndGlobalSection
	GlobalSection(SolutionProperties) = preSolution
		HideSolutionNode = FALSE
	EndGlobalSection
	GlobalSection(ExtensibilityGlobals) = postSolution
		SolutionGuid = {7E3567B8-A804-4D2D-BB9A-E21F11AD2C3A}
	EndGlobalSection
EndGlobal
