
Microsoft Visual Studio Solution File, Format Version 12.00
# Visual Studio Version 16
VisualStudioVersion = 16.0.30621.155
MinimumVisualStudioVersion = 10.0.40219.1
Project("{8BC9CEB8-8B4A-11D0-8D11-00A0C91BC942}") = "文件操作", "文件操作.vcxproj", "{F80B2A2E-2BD6-42D3-B657-EF604BBDA2E0}"
EndProject
Global
	GlobalSection(SolutionConfigurationPlatforms) = preSolution
		Debug|x64 = Debug|x64
		Debug|x86 = Debug|x86
		Release|x64 = Release|x64
		Release|x86 = Release|x86
	EndGlobalSection
	GlobalSection(ProjectConfigurationPlatforms) = postSolution
		{F80B2A2E-2BD6-42D3-B657-EF604BBDA2E0}.Debug|x64.ActiveCfg = Debug|x64
		{F80B2A2E-2BD6-42D3-B657-EF604BBDA2E0}.Debug|x64.Build.0 = Debug|x64
		{F80B2A2E-2BD6-42D3-B657-EF604BBDA2E0}.Debug|x86.ActiveCfg = Debug|Win32
		{F80B2A2E-2BD6-42D3-B657-EF604BBDA2E0}.Debug|x86.Build.0 = Debug|Win32
		{F80B2A2E-2BD6-42D3-B657-EF604BBDA2E0}.Release|x64.ActiveCfg = Release|x64
		{F80B2A2E-2BD6-42D3-B657-EF604BBDA2E0}.Release|x64.Build.0 = Release|x64
		{F80B2A2E-2BD6-42D3-B657-EF604BBDA2E0}.Release|x86.ActiveCfg = Release|Win32
		{F80B2A2E-2BD6-42D3-B657-EF604BBDA2E0}.Release|x86.Build.0 = Release|Win32
	EndGlobalSection
	GlobalSection(SolutionProperties) = preSolution
		HideSolutionNode = FALSE
	EndGlobalSection
	GlobalSection(ExtensibilityGlobals) = postSolution
		SolutionGuid = {B7AF1D65-8A7B-4EA1-9B9A-EE4D1D1F3563}
	EndGlobalSection
EndGlobal
