
Microsoft Visual Studio Solution File, Format Version 12.00
# Visual Studio Version 16
VisualStudioVersion = 16.0.31129.286
MinimumVisualStudioVersion = 10.0.40219.1
Project("{8BC9CEB8-8B4A-11D0-8D11-00A0C91BC942}") = "test_4_8", "test_4_8.vcxproj", "{D8511910-8A1F-4AC8-875D-A5D994C9C581}"
EndProject
Global
	GlobalSection(SolutionConfigurationPlatforms) = preSolution
		Debug|x64 = Debug|x64
		Debug|x86 = Debug|x86
		Release|x64 = Release|x64
		Release|x86 = Release|x86
	EndGlobalSection
	GlobalSection(ProjectConfigurationPlatforms) = postSolution
		{D8511910-8A1F-4AC8-875D-A5D994C9C581}.Debug|x64.ActiveCfg = Debug|x64
		{D8511910-8A1F-4AC8-875D-A5D994C9C581}.Debug|x64.Build.0 = Debug|x64
		{D8511910-8A1F-4AC8-875D-A5D994C9C581}.Debug|x86.ActiveCfg = Debug|Win32
		{D8511910-8A1F-4AC8-875D-A5D994C9C581}.Debug|x86.Build.0 = Debug|Win32
		{D8511910-8A1F-4AC8-875D-A5D994C9C581}.Release|x64.ActiveCfg = Release|x64
		{D8511910-8A1F-4AC8-875D-A5D994C9C581}.Release|x64.Build.0 = Release|x64
		{D8511910-8A1F-4AC8-875D-A5D994C9C581}.Release|x86.ActiveCfg = Release|Win32
		{D8511910-8A1F-4AC8-875D-A5D994C9C581}.Release|x86.Build.0 = Release|Win32
	EndGlobalSection
	GlobalSection(SolutionProperties) = preSolution
		HideSolutionNode = FALSE
	EndGlobalSection
	GlobalSection(ExtensibilityGlobals) = postSolution
		SolutionGuid = {555E65B3-5F8E-425B-8C61-E6E253E704C1}
	EndGlobalSection
EndGlobal
