
Microsoft Visual Studio Solution File, Format Version 12.00
# Visual Studio Version 16
VisualStudioVersion = 16.0.30523.141
MinimumVisualStudioVersion = 10.0.40219.1
Project("{8BC9CEB8-8B4A-11D0-8D11-00A0C91BC942}") = "ConsoleApplication3", "ConsoleApplication3.vcxproj", "{D73C8F4F-E9C8-4035-8446-A01A58D429FD}"
EndProject
Global
	GlobalSection(SolutionConfigurationPlatforms) = preSolution
		Debug|x64 = Debug|x64
		Debug|x86 = Debug|x86
		Release|x64 = Release|x64
		Release|x86 = Release|x86
	EndGlobalSection
	GlobalSection(ProjectConfigurationPlatforms) = postSolution
		{D73C8F4F-E9C8-4035-8446-A01A58D429FD}.Debug|x64.ActiveCfg = Debug|x64
		{D73C8F4F-E9C8-4035-8446-A01A58D429FD}.Debug|x64.Build.0 = Debug|x64
		{D73C8F4F-E9C8-4035-8446-A01A58D429FD}.Debug|x86.ActiveCfg = Debug|Win32
		{D73C8F4F-E9C8-4035-8446-A01A58D429FD}.Debug|x86.Build.0 = Debug|Win32
		{D73C8F4F-E9C8-4035-8446-A01A58D429FD}.Release|x64.ActiveCfg = Release|x64
		{D73C8F4F-E9C8-4035-8446-A01A58D429FD}.Release|x64.Build.0 = Release|x64
		{D73C8F4F-E9C8-4035-8446-A01A58D429FD}.Release|x86.ActiveCfg = Release|Win32
		{D73C8F4F-E9C8-4035-8446-A01A58D429FD}.Release|x86.Build.0 = Release|Win32
	EndGlobalSection
	GlobalSection(SolutionProperties) = preSolution
		HideSolutionNode = FALSE
	EndGlobalSection
	GlobalSection(ExtensibilityGlobals) = postSolution
		SolutionGuid = {10A1F158-257A-4110-8655-575E5A2B6E7E}
	EndGlobalSection
EndGlobal
