
Microsoft Visual Studio Solution File, Format Version 12.00
# Visual Studio Version 16
VisualStudioVersion = 16.0.30611.23
MinimumVisualStudioVersion = 10.0.40219.1
Project("{8BC9CEB8-8B4A-11D0-8D11-00A0C91BC942}") = "精英协会纳新试题", "精英协会纳新试题.vcxproj", "{039CBF80-7ABF-476A-81AD-F259CB02EF10}"
EndProject
Global
	GlobalSection(SolutionConfigurationPlatforms) = preSolution
		Debug|x64 = Debug|x64
		Debug|x86 = Debug|x86
		Release|x64 = Release|x64
		Release|x86 = Release|x86
	EndGlobalSection
	GlobalSection(ProjectConfigurationPlatforms) = postSolution
		{039CBF80-7ABF-476A-81AD-F259CB02EF10}.Debug|x64.ActiveCfg = Debug|x64
		{039CBF80-7ABF-476A-81AD-F259CB02EF10}.Debug|x64.Build.0 = Debug|x64
		{039CBF80-7ABF-476A-81AD-F259CB02EF10}.Debug|x86.ActiveCfg = Debug|Win32
		{039CBF80-7ABF-476A-81AD-F259CB02EF10}.Debug|x86.Build.0 = Debug|Win32
		{039CBF80-7ABF-476A-81AD-F259CB02EF10}.Release|x64.ActiveCfg = Release|x64
		{039CBF80-7ABF-476A-81AD-F259CB02EF10}.Release|x64.Build.0 = Release|x64
		{039CBF80-7ABF-476A-81AD-F259CB02EF10}.Release|x86.ActiveCfg = Release|Win32
		{039CBF80-7ABF-476A-81AD-F259CB02EF10}.Release|x86.Build.0 = Release|Win32
	EndGlobalSection
	GlobalSection(SolutionProperties) = preSolution
		HideSolutionNode = FALSE
	EndGlobalSection
	GlobalSection(ExtensibilityGlobals) = postSolution
		SolutionGuid = {3A428466-8F60-4E02-822F-AD0E55AE4C66}
	EndGlobalSection
EndGlobal
