
Microsoft Visual Studio Solution File, Format Version 12.00
# Visual Studio Version 16
VisualStudioVersion = 16.0.30804.86
MinimumVisualStudioVersion = 10.0.40219.1
Project("{8BC9CEB8-8B4A-11D0-8D11-00A0C91BC942}") = "test_2_3", "test_2_3.vcxproj", "{E1866840-A8D0-4CCE-AB3F-01DB5BD2902F}"
EndProject
Global
	GlobalSection(SolutionConfigurationPlatforms) = preSolution
		Debug|x64 = Debug|x64
		Debug|x86 = Debug|x86
		Release|x64 = Release|x64
		Release|x86 = Release|x86
	EndGlobalSection
	GlobalSection(ProjectConfigurationPlatforms) = postSolution
		{E1866840-A8D0-4CCE-AB3F-01DB5BD2902F}.Debug|x64.ActiveCfg = Debug|x64
		{E1866840-A8D0-4CCE-AB3F-01DB5BD2902F}.Debug|x64.Build.0 = Debug|x64
		{E1866840-A8D0-4CCE-AB3F-01DB5BD2902F}.Debug|x86.ActiveCfg = Debug|Win32
		{E1866840-A8D0-4CCE-AB3F-01DB5BD2902F}.Debug|x86.Build.0 = Debug|Win32
		{E1866840-A8D0-4CCE-AB3F-01DB5BD2902F}.Release|x64.ActiveCfg = Release|x64
		{E1866840-A8D0-4CCE-AB3F-01DB5BD2902F}.Release|x64.Build.0 = Release|x64
		{E1866840-A8D0-4CCE-AB3F-01DB5BD2902F}.Release|x86.ActiveCfg = Release|Win32
		{E1866840-A8D0-4CCE-AB3F-01DB5BD2902F}.Release|x86.Build.0 = Release|Win32
	EndGlobalSection
	GlobalSection(SolutionProperties) = preSolution
		HideSolutionNode = FALSE
	EndGlobalSection
	GlobalSection(ExtensibilityGlobals) = postSolution
		SolutionGuid = {DFC3D0B0-BD0E-4EF3-8910-7377FA1D17FF}
	EndGlobalSection
EndGlobal
