<?xml version="1.0" encoding="utf-8"?>
<Project ToolsVersion="4.0" xmlns="http://schemas.microsoft.com/developer/msbuild/2003">
  <ItemGroup>
    <Filter Include="源文件">
      <UniqueIdentifier>{4FC737F1-C7A5-4376-A066-2A32D752A2FF}</UniqueIdentifier>
      <Extensions>cpp;c;cc;cxx;c++;cppm;ixx;def;odl;idl;hpj;bat;asm;asmx</Extensions>
    </Filter>
    <Filter Include="头文件">
      <UniqueIdentifier>{93995380-89BD-4b04-88EB-625FBE52EBFB}</UniqueIdentifier>
      <Extensions>h;hh;hpp;hxx;h++;hm;inl;inc;ipp;xsd</Extensions>
    </Filter>
    <Filter Include="资源文件">
      <UniqueIdentifier>{67DA6AB6-F800-4c08-8B7A-83BB121AAD01}</UniqueIdentifier>
      <Extensions>rc;ico;cur;bmp;dlg;rc2;rct;bin;rgs;gif;jpg;jpeg;jpe;resx;tiff;tif;png;wav;mfcribbon-ms</Extensions>
    </Filter>
  </ItemGroup>
  <ItemGroup>
    <ClCompile Include="1,打印自己学号.c">
      <Filter>源文件</Filter>
    </ClCompile>
    <ClCompile Include="2,打印两个数字并输出.c">
      <Filter>源文件</Filter>
    </ClCompile>
    <ClCompile Include="3.输入数字进行比较.c">
      <Filter>源文件</Filter>
    </ClCompile>
    <ClCompile Include="4.输出两个书中的较大数.c">
      <Filter>源文件</Filter>
    </ClCompile>
    <ClCompile Include="5.一行输出两个数的最大值（三目运算符）.c">
      <Filter>源文件</Filter>
    </ClCompile>
    <ClCompile Include="6.九九乘法表.c">
      <Filter>源文件</Filter>
    </ClCompile>
    <ClCompile Include="7.计算1+2+ +100.c">
      <Filter>源文件</Filter>
    </ClCompile>
    <ClCompile Include="8.一行输出.c">
      <Filter>源文件</Filter>
    </ClCompile>
  </ItemGroup>
</Project>