<?xml version="1.0" encoding="utf-8"?>
<Project ToolsVersion="4.0" xmlns="http://schemas.microsoft.com/developer/msbuild/2003">
  <ItemGroup>
    <Filter Include="源文件">
      <UniqueIdentifier>{4FC737F1-C7A5-4376-A066-2A32D752A2FF}</UniqueIdentifier>
      <Extensions>cpp;c;cc;cxx;c++;cppm;ixx;def;odl;idl;hpj;bat;asm;asmx</Extensions>
    </Filter>
    <Filter Include="资源文件">
      <UniqueIdentifier>{67DA6AB6-F800-4c08-8B7A-83BB121AAD01}</UniqueIdentifier>
      <Extensions>rc;ico;cur;bmp;dlg;rc2;rct;bin;rgs;gif;jpg;jpeg;jpe;resx;tiff;tif;png;wav;mfcribbon-ms</Extensions>
    </Filter>
    <Filter Include="源文件\头文件">
      <UniqueIdentifier>{93995380-89BD-4b04-88EB-625FBE52EBFB}</UniqueIdentifier>
      <Extensions>h;hh;hpp;hxx;h++;hm;inl;inc;ipp;xsd</Extensions>
    </Filter>
  </ItemGroup>
  <ItemGroup>
    <ClCompile Include="源.cpp">
      <Filter>源文件</Filter>
    </ClCompile>
    <ClCompile Include="源1.c">
      <Filter>源文件</Filter>
    </ClCompile>
    <ClCompile Include="源2.c">
      <Filter>源文件</Filter>
    </ClCompile>
    <ClCompile Include="测试项.c">
      <Filter>源文件</Filter>
    </ClCompile>
    <ClCompile Include="3.进制转化.c">
      <Filter>源文件</Filter>
    </ClCompile>
    <ClCompile Include="4.if条件语句判断.c">
      <Filter>源文件</Filter>
    </ClCompile>
    <ClCompile Include="5.求一个数的n次方.cpp">
      <Filter>源文件</Filter>
    </ClCompile>
    <ClCompile Include="6.判断是否为回文字符串.c">
      <Filter>源文件</Filter>
    </ClCompile>
    <ClCompile Include="7.字符串.c">
      <Filter>源文件</Filter>
    </ClCompile>
    <ClCompile Include="8.模拟实现strlen.c">
      <Filter>源文件</Filter>
    </ClCompile>
    <ClCompile Include="9.二分查找寻找字母下标.c">
      <Filter>源文件</Filter>
    </ClCompile>
    <ClCompile Include="10.编写函数求2的n次方.c">
      <Filter>源文件</Filter>
    </ClCompile>
    <ClCompile Include="11.编写函数判断一个人体重是否标准.c">
      <Filter>源文件</Filter>
    </ClCompile>
    <ClCompile Include="12判断第几个数是500.c">
      <Filter>源文件</Filter>
    </ClCompile>
    <ClCompile Include="newc++file .cpp">
      <Filter>源文件</Filter>
    </ClCompile>
    <ClCompile Include="Module.ixx">
      <Filter>源文件</Filter>
    </ClCompile>
    <ClCompile Include="sdxmakso.c">
      <Filter>源文件</Filter>
    </ClCompile>
  </ItemGroup>
</Project>