
Microsoft Visual Studio Solution File, Format Version 12.00
# Visual Studio Version 16
VisualStudioVersion = 16.0.31005.135
MinimumVisualStudioVersion = 10.0.40219.1
Project("{8BC9CEB8-8B4A-11D0-8D11-00A0C91BC942}") = "test_2_15", "test_2_15.vcxproj", "{CEC4A915-A52D-4376-B670-D85E90B8A657}"
EndProject
Global
	GlobalSection(SolutionConfigurationPlatforms) = preSolution
		Debug|x64 = Debug|x64
		Debug|x86 = Debug|x86
		Release|x64 = Release|x64
		Release|x86 = Release|x86
	EndGlobalSection
	GlobalSection(ProjectConfigurationPlatforms) = postSolution
		{CEC4A915-A52D-4376-B670-D85E90B8A657}.Debug|x64.ActiveCfg = Debug|x64
		{CEC4A915-A52D-4376-B670-D85E90B8A657}.Debug|x64.Build.0 = Debug|x64
		{CEC4A915-A52D-4376-B670-D85E90B8A657}.Debug|x86.ActiveCfg = Debug|Win32
		{CEC4A915-A52D-4376-B670-D85E90B8A657}.Debug|x86.Build.0 = Debug|Win32
		{CEC4A915-A52D-4376-B670-D85E90B8A657}.Release|x64.ActiveCfg = Release|x64
		{CEC4A915-A52D-4376-B670-D85E90B8A657}.Release|x64.Build.0 = Release|x64
		{CEC4A915-A52D-4376-B670-D85E90B8A657}.Release|x86.ActiveCfg = Release|Win32
		{CEC4A915-A52D-4376-B670-D85E90B8A657}.Release|x86.Build.0 = Release|Win32
	EndGlobalSection
	GlobalSection(SolutionProperties) = preSolution
		HideSolutionNode = FALSE
	EndGlobalSection
	GlobalSection(ExtensibilityGlobals) = postSolution
		SolutionGuid = {05942AEE-2478-476D-A0E3-1FC4EC37BEA8}
	EndGlobalSection
EndGlobal
