
Microsoft Visual Studio Solution File, Format Version 12.00
# Visual Studio Version 16
VisualStudioVersion = 16.0.31005.135
MinimumVisualStudioVersion = 10.0.40219.1
Project("{8BC9CEB8-8B4A-11D0-8D11-00A0C91BC942}") = "test_2_15", "test_2_15.vcxproj", "{42E154B4-D095-4FEC-BE33-38C9FDB88846}"
EndProject
Global
	GlobalSection(SolutionConfigurationPlatforms) = preSolution
		Debug|x64 = Debug|x64
		Debug|x86 = Debug|x86
		Release|x64 = Release|x64
		Release|x86 = Release|x86
	EndGlobalSection
	GlobalSection(ProjectConfigurationPlatforms) = postSolution
		{42E154B4-D095-4FEC-BE33-38C9FDB88846}.Debug|x64.ActiveCfg = Debug|x64
		{42E154B4-D095-4FEC-BE33-38C9FDB88846}.Debug|x64.Build.0 = Debug|x64
		{42E154B4-D095-4FEC-BE33-38C9FDB88846}.Debug|x86.ActiveCfg = Debug|Win32
		{42E154B4-D095-4FEC-BE33-38C9FDB88846}.Debug|x86.Build.0 = Debug|Win32
		{42E154B4-D095-4FEC-BE33-38C9FDB88846}.Release|x64.ActiveCfg = Release|x64
		{42E154B4-D095-4FEC-BE33-38C9FDB88846}.Release|x64.Build.0 = Release|x64
		{42E154B4-D095-4FEC-BE33-38C9FDB88846}.Release|x86.ActiveCfg = Release|Win32
		{42E154B4-D095-4FEC-BE33-38C9FDB88846}.Release|x86.Build.0 = Release|Win32
	EndGlobalSection
	GlobalSection(SolutionProperties) = preSolution
		HideSolutionNode = FALSE
	EndGlobalSection
	GlobalSection(ExtensibilityGlobals) = postSolution
		SolutionGuid = {D885B558-6EA8-4C58-B2EC-AEA0289DD2E8}
	EndGlobalSection
EndGlobal
