
Microsoft Visual Studio Solution File, Format Version 12.00
# Visual Studio Version 16
VisualStudioVersion = 16.0.30804.86
MinimumVisualStudioVersion = 10.0.40219.1
Project("{8BC9CEB8-8B4A-11D0-8D11-00A0C91BC942}") = "猜数字", "猜数字.vcxproj", "{0FCA738E-C56A-4B1A-9773-1FA2022F5ECA}"
EndProject
Global
	GlobalSection(SolutionConfigurationPlatforms) = preSolution
		Debug|x64 = Debug|x64
		Debug|x86 = Debug|x86
		Release|x64 = Release|x64
		Release|x86 = Release|x86
	EndGlobalSection
	GlobalSection(ProjectConfigurationPlatforms) = postSolution
		{0FCA738E-C56A-4B1A-9773-1FA2022F5ECA}.Debug|x64.ActiveCfg = Debug|x64
		{0FCA738E-C56A-4B1A-9773-1FA2022F5ECA}.Debug|x64.Build.0 = Debug|x64
		{0FCA738E-C56A-4B1A-9773-1FA2022F5ECA}.Debug|x86.ActiveCfg = Debug|Win32
		{0FCA738E-C56A-4B1A-9773-1FA2022F5ECA}.Debug|x86.Build.0 = Debug|Win32
		{0FCA738E-C56A-4B1A-9773-1FA2022F5ECA}.Release|x64.ActiveCfg = Release|x64
		{0FCA738E-C56A-4B1A-9773-1FA2022F5ECA}.Release|x64.Build.0 = Release|x64
		{0FCA738E-C56A-4B1A-9773-1FA2022F5ECA}.Release|x86.ActiveCfg = Release|Win32
		{0FCA738E-C56A-4B1A-9773-1FA2022F5ECA}.Release|x86.Build.0 = Release|Win32
	EndGlobalSection
	GlobalSection(SolutionProperties) = preSolution
		HideSolutionNode = FALSE
	EndGlobalSection
	GlobalSection(ExtensibilityGlobals) = postSolution
		SolutionGuid = {A704264D-ACE0-45FE-A25E-4EF47C107E06}
	EndGlobalSection
EndGlobal
