
Microsoft Visual Studio Solution File, Format Version 12.00
# Visual Studio Version 16
VisualStudioVersion = 16.0.31005.135
MinimumVisualStudioVersion = 10.0.40219.1
Project("{8BC9CEB8-8B4A-11D0-8D11-00A0C91BC942}") = "test_2_14", "test_2_14.vcxproj", "{A2090A11-6EC3-4D1C-AAED-348C1812EB30}"
EndProject
Global
	GlobalSection(SolutionConfigurationPlatforms) = preSolution
		Debug|x64 = Debug|x64
		Debug|x86 = Debug|x86
		Release|x64 = Release|x64
		Release|x86 = Release|x86
	EndGlobalSection
	GlobalSection(ProjectConfigurationPlatforms) = postSolution
		{A2090A11-6EC3-4D1C-AAED-348C1812EB30}.Debug|x64.ActiveCfg = Debug|x64
		{A2090A11-6EC3-4D1C-AAED-348C1812EB30}.Debug|x64.Build.0 = Debug|x64
		{A2090A11-6EC3-4D1C-AAED-348C1812EB30}.Debug|x86.ActiveCfg = Debug|Win32
		{A2090A11-6EC3-4D1C-AAED-348C1812EB30}.Debug|x86.Build.0 = Debug|Win32
		{A2090A11-6EC3-4D1C-AAED-348C1812EB30}.Release|x64.ActiveCfg = Release|x64
		{A2090A11-6EC3-4D1C-AAED-348C1812EB30}.Release|x64.Build.0 = Release|x64
		{A2090A11-6EC3-4D1C-AAED-348C1812EB30}.Release|x86.ActiveCfg = Release|Win32
		{A2090A11-6EC3-4D1C-AAED-348C1812EB30}.Release|x86.Build.0 = Release|Win32
	EndGlobalSection
	GlobalSection(SolutionProperties) = preSolution
		HideSolutionNode = FALSE
	EndGlobalSection
	GlobalSection(ExtensibilityGlobals) = postSolution
		SolutionGuid = {2D762D27-9ECD-433D-AD5F-9D356F7E1631}
	EndGlobalSection
EndGlobal
