
Microsoft Visual Studio Solution File, Format Version 12.00
# Visual Studio Version 16
VisualStudioVersion = 16.0.30621.155
MinimumVisualStudioVersion = 10.0.40219.1
Project("{8BC9CEB8-8B4A-11D0-8D11-00A0C91BC942}") = "字符串函数", "字符串函数.vcxproj", "{664E4CA0-A126-472D-8286-5370A3571087}"
EndProject
Global
	GlobalSection(SolutionConfigurationPlatforms) = preSolution
		Debug|x64 = Debug|x64
		Debug|x86 = Debug|x86
		Release|x64 = Release|x64
		Release|x86 = Release|x86
	EndGlobalSection
	GlobalSection(ProjectConfigurationPlatforms) = postSolution
		{664E4CA0-A126-472D-8286-5370A3571087}.Debug|x64.ActiveCfg = Debug|x64
		{664E4CA0-A126-472D-8286-5370A3571087}.Debug|x64.Build.0 = Debug|x64
		{664E4CA0-A126-472D-8286-5370A3571087}.Debug|x86.ActiveCfg = Debug|Win32
		{664E4CA0-A126-472D-8286-5370A3571087}.Debug|x86.Build.0 = Debug|Win32
		{664E4CA0-A126-472D-8286-5370A3571087}.Release|x64.ActiveCfg = Release|x64
		{664E4CA0-A126-472D-8286-5370A3571087}.Release|x64.Build.0 = Release|x64
		{664E4CA0-A126-472D-8286-5370A3571087}.Release|x86.ActiveCfg = Release|Win32
		{664E4CA0-A126-472D-8286-5370A3571087}.Release|x86.Build.0 = Release|Win32
	EndGlobalSection
	GlobalSection(SolutionProperties) = preSolution
		HideSolutionNode = FALSE
	EndGlobalSection
	GlobalSection(ExtensibilityGlobals) = postSolution
		SolutionGuid = {EE6FD4F9-E7F5-4519-A534-6C15A96428D3}
	EndGlobalSection
EndGlobal
