
Microsoft Visual Studio Solution File, Format Version 12.00
# Visual Studio Version 16
VisualStudioVersion = 16.0.31105.61
MinimumVisualStudioVersion = 10.0.40219.1
Project("{8BC9CEB8-8B4A-11D0-8D11-00A0C91BC942}") = "test_3_18", "test_3_18.vcxproj", "{9E39CAB9-9FD7-44A1-98AB-C5F278494767}"
EndProject
Global
	GlobalSection(SolutionConfigurationPlatforms) = preSolution
		Debug|x64 = Debug|x64
		Debug|x86 = Debug|x86
		Release|x64 = Release|x64
		Release|x86 = Release|x86
	EndGlobalSection
	GlobalSection(ProjectConfigurationPlatforms) = postSolution
		{9E39CAB9-9FD7-44A1-98AB-C5F278494767}.Debug|x64.ActiveCfg = Debug|x64
		{9E39CAB9-9FD7-44A1-98AB-C5F278494767}.Debug|x64.Build.0 = Debug|x64
		{9E39CAB9-9FD7-44A1-98AB-C5F278494767}.Debug|x86.ActiveCfg = Debug|Win32
		{9E39CAB9-9FD7-44A1-98AB-C5F278494767}.Debug|x86.Build.0 = Debug|Win32
		{9E39CAB9-9FD7-44A1-98AB-C5F278494767}.Release|x64.ActiveCfg = Release|x64
		{9E39CAB9-9FD7-44A1-98AB-C5F278494767}.Release|x64.Build.0 = Release|x64
		{9E39CAB9-9FD7-44A1-98AB-C5F278494767}.Release|x86.ActiveCfg = Release|Win32
		{9E39CAB9-9FD7-44A1-98AB-C5F278494767}.Release|x86.Build.0 = Release|Win32
	EndGlobalSection
	GlobalSection(SolutionProperties) = preSolution
		HideSolutionNode = FALSE
	EndGlobalSection
	GlobalSection(ExtensibilityGlobals) = postSolution
		SolutionGuid = {264F3A6A-A17F-46BD-B464-D5097E6F780B}
	EndGlobalSection
EndGlobal
